
Microsoft Visual Studio Solution File, Format Version 12.00
# Visual Studio 15
VisualStudioVersion = 15.0.27130.2027
MinimumVisualStudioVersion = 10.0.40219.1
Project("{FAE04EC0-301F-11D3-BF4B-00C04F79EFBC}") = "PdfProcessor", "PdfProcessor\PdfProcessor.csproj", "{F326E406-B43E-47D8-A408-DDE0EC6B1F61}"
EndProject
Global
	GlobalSection(SolutionConfigurationPlatforms) = preSolution
		Debug|Any CPU = Debug|Any CPU
		Release|Any CPU = Release|Any CPU
	EndGlobalSection
	GlobalSection(ProjectConfigurationPlatforms) = postSolution
		{F326E406-B43E-47D8-A408-DDE0EC6B1F61}.Debug|Any CPU.ActiveCfg = Debug|Any CPU
		{F326E406-B43E-47D8-A408-DDE0EC6B1F61}.Debug|Any CPU.Build.0 = Debug|Any CPU
		{F326E406-B43E-47D8-A408-DDE0EC6B1F61}.Release|Any CPU.ActiveCfg = Release|Any CPU
		{F326E406-B43E-47D8-A408-DDE0EC6B1F61}.Release|Any CPU.Build.0 = Release|Any CPU
	EndGlobalSection
	GlobalSection(SolutionProperties) = preSolution
		HideSolutionNode = FALSE
	EndGlobalSection
	GlobalSection(ExtensibilityGlobals) = postSolution
		SolutionGuid = {DF4A8A01-ED13-4C63-854A-87C80758CF48}
	EndGlobalSection
EndGlobal
